
Microsoft Visual Studio Solution File, Format Version 12.00
# Visual Studio Version 16
VisualStudioVersion = 16.0.809.2
MinimumVisualStudioVersion = 10.0.40219.1
Project("{FAE04EC0-301F-11D3-BF4B-00C04F79EFBC}") = "kamp_intro", "kamp_intro\kamp_intro.csproj", "{F0BC39D0-B66E-4F0A-86BE-57FE96371064}"
EndProject
Project("{FAE04EC0-301F-11D3-BF4B-00C04F79EFBC}") = "donguler", "donguler\donguler.csproj", "{28A9717D-D01B-4A6F-B0F7-AB975C657B85}"
EndProject
Project("{FAE04EC0-301F-11D3-BF4B-00C04F79EFBC}") = "ClassIntro", "ClassIntro\ClassIntro.csproj", "{3E16E9B9-581E-4308-8C5B-5D7A6F8F2A5E}"
EndProject
Project("{FAE04EC0-301F-11D3-BF4B-00C04F79EFBC}") = "Methods", "Methods\Methods.csproj", "{15041E6A-ECAB-4838-BEE6-28A6415D5F27}"
EndProject
Project("{FAE04EC0-301F-11D3-BF4B-00C04F79EFBC}") = "Math", "Math\Math.csproj", "{22A6A64B-C8FD-4D1E-BF7C-827935A749E5}"
EndProject
Project("{FAE04EC0-301F-11D3-BF4B-00C04F79EFBC}") = "ReferencesValueType", "ReferencesValueType\ReferencesValueType.csproj", "{EC4F7387-7ED9-4DE9-AB9F-DAD0B0306F4D}"
EndProject
Global
	GlobalSection(SolutionConfigurationPlatforms) = preSolution
		Debug|Any CPU = Debug|Any CPU
		Release|Any CPU = Release|Any CPU
	EndGlobalSection
	GlobalSection(ProjectConfigurationPlatforms) = postSolution
		{F0BC39D0-B66E-4F0A-86BE-57FE96371064}.Debug|Any CPU.ActiveCfg = Debug|Any CPU
		{F0BC39D0-B66E-4F0A-86BE-57FE96371064}.Debug|Any CPU.Build.0 = Debug|Any CPU
		{F0BC39D0-B66E-4F0A-86BE-57FE96371064}.Release|Any CPU.ActiveCfg = Release|Any CPU
		{F0BC39D0-B66E-4F0A-86BE-57FE96371064}.Release|Any CPU.Build.0 = Release|Any CPU
		{28A9717D-D01B-4A6F-B0F7-AB975C657B85}.Debug|Any CPU.ActiveCfg = Debug|Any CPU
		{28A9717D-D01B-4A6F-B0F7-AB975C657B85}.Debug|Any CPU.Build.0 = Debug|Any CPU
		{28A9717D-D01B-4A6F-B0F7-AB975C657B85}.Release|Any CPU.ActiveCfg = Release|Any CPU
		{28A9717D-D01B-4A6F-B0F7-AB975C657B85}.Release|Any CPU.Build.0 = Release|Any CPU
		{3E16E9B9-581E-4308-8C5B-5D7A6F8F2A5E}.Debug|Any CPU.ActiveCfg = Debug|Any CPU
		{3E16E9B9-581E-4308-8C5B-5D7A6F8F2A5E}.Debug|Any CPU.Build.0 = Debug|Any CPU
		{3E16E9B9-581E-4308-8C5B-5D7A6F8F2A5E}.Release|Any CPU.ActiveCfg = Release|Any CPU
		{3E16E9B9-581E-4308-8C5B-5D7A6F8F2A5E}.Release|Any CPU.Build.0 = Release|Any CPU
		{15041E6A-ECAB-4838-BEE6-28A6415D5F27}.Debug|Any CPU.ActiveCfg = Debug|Any CPU
		{15041E6A-ECAB-4838-BEE6-28A6415D5F27}.Debug|Any CPU.Build.0 = Debug|Any CPU
		{15041E6A-ECAB-4838-BEE6-28A6415D5F27}.Release|Any CPU.ActiveCfg = Release|Any CPU
		{15041E6A-ECAB-4838-BEE6-28A6415D5F27}.Release|Any CPU.Build.0 = Release|Any CPU
		{22A6A64B-C8FD-4D1E-BF7C-827935A749E5}.Debug|Any CPU.ActiveCfg = Debug|Any CPU
		{22A6A64B-C8FD-4D1E-BF7C-827935A749E5}.Debug|Any CPU.Build.0 = Debug|Any CPU
		{22A6A64B-C8FD-4D1E-BF7C-827935A749E5}.Release|Any CPU.ActiveCfg = Release|Any CPU
		{22A6A64B-C8FD-4D1E-BF7C-827935A749E5}.Release|Any CPU.Build.0 = Release|Any CPU
		{EC4F7387-7ED9-4DE9-AB9F-DAD0B0306F4D}.Debug|Any CPU.ActiveCfg = Debug|Any CPU
		{EC4F7387-7ED9-4DE9-AB9F-DAD0B0306F4D}.Debug|Any CPU.Build.0 = Debug|Any CPU
		{EC4F7387-7ED9-4DE9-AB9F-DAD0B0306F4D}.Release|Any CPU.ActiveCfg = Release|Any CPU
		{EC4F7387-7ED9-4DE9-AB9F-DAD0B0306F4D}.Release|Any CPU.Build.0 = Release|Any CPU
	EndGlobalSection
	GlobalSection(SolutionProperties) = preSolution
		HideSolutionNode = FALSE
	EndGlobalSection
	GlobalSection(ExtensibilityGlobals) = postSolution
		SolutionGuid = {CBA2187C-5E68-4E9F-9192-D968540274BC}
	EndGlobalSection
EndGlobal
